
Microsoft Visual Studio Solution File, Format Version 12.00
# Visual Studio Version 16
VisualStudioVersion = 16.0.30907.101
MinimumVisualStudioVersion = 10.0.40219.1
Project("{FAE04EC0-301F-11D3-BF4B-00C04F79EFBC}") = "Horosco_Tarea2", "Horosco_Tarea2\Horosco_Tarea2.csproj", "{18FC80B3-ACF3-423F-9520-BCFA20A173FD}"
EndProject
Project("{FAE04EC0-301F-11D3-BF4B-00C04F79EFBC}") = "NUnitTestHoroscopo", "NUnitTestHoroscopo\NUnitTestHoroscopo.csproj", "{308BD7FB-40A7-4EE3-BB7E-4E3F4B616C97}"
EndProject
Project("{FAE04EC0-301F-11D3-BF4B-00C04F79EFBC}") = "NUnitTestProject1", "NUnitTestProject1\NUnitTestProject1.csproj", "{6AE08D93-1567-4C17-8047-C2BF3BEB4DD2}"
EndProject
Global
	GlobalSection(SolutionConfigurationPlatforms) = preSolution
		Debug|Any CPU = Debug|Any CPU
		Release|Any CPU = Release|Any CPU
	EndGlobalSection
	GlobalSection(ProjectConfigurationPlatforms) = postSolution
		{18FC80B3-ACF3-423F-9520-BCFA20A173FD}.Debug|Any CPU.ActiveCfg = Debug|Any CPU
		{18FC80B3-ACF3-423F-9520-BCFA20A173FD}.Debug|Any CPU.Build.0 = Debug|Any CPU
		{18FC80B3-ACF3-423F-9520-BCFA20A173FD}.Release|Any CPU.ActiveCfg = Release|Any CPU
		{18FC80B3-ACF3-423F-9520-BCFA20A173FD}.Release|Any CPU.Build.0 = Release|Any CPU
		{308BD7FB-40A7-4EE3-BB7E-4E3F4B616C97}.Debug|Any CPU.ActiveCfg = Debug|Any CPU
		{308BD7FB-40A7-4EE3-BB7E-4E3F4B616C97}.Debug|Any CPU.Build.0 = Debug|Any CPU
		{308BD7FB-40A7-4EE3-BB7E-4E3F4B616C97}.Release|Any CPU.ActiveCfg = Release|Any CPU
		{308BD7FB-40A7-4EE3-BB7E-4E3F4B616C97}.Release|Any CPU.Build.0 = Release|Any CPU
		{6AE08D93-1567-4C17-8047-C2BF3BEB4DD2}.Debug|Any CPU.ActiveCfg = Debug|Any CPU
		{6AE08D93-1567-4C17-8047-C2BF3BEB4DD2}.Debug|Any CPU.Build.0 = Debug|Any CPU
		{6AE08D93-1567-4C17-8047-C2BF3BEB4DD2}.Release|Any CPU.ActiveCfg = Release|Any CPU
		{6AE08D93-1567-4C17-8047-C2BF3BEB4DD2}.Release|Any CPU.Build.0 = Release|Any CPU
	EndGlobalSection
	GlobalSection(SolutionProperties) = preSolution
		HideSolutionNode = FALSE
	EndGlobalSection
	GlobalSection(ExtensibilityGlobals) = postSolution
		SolutionGuid = {6F48D2C3-3245-4274-A1DF-3C72CAFC7DD5}
	EndGlobalSection
EndGlobal
